
Microsoft Visual Studio Solution File, Format Version 12.00
# Visual Studio Version 17
VisualStudioVersion = 17.8.34601.278
MinimumVisualStudioVersion = 10.0.40219.1
Project("{9A19103F-16F7-4668-BE54-9A1E7A4F7556}") = "HttpRequestSample", "HttpRequestSample\HttpRequestSample.csproj", "{B46EC31C-1C01-43D9-9173-70063C4A3D6E}"
EndProject
Project("{2150E333-8FDC-42A3-9474-1A3956D46DE8}") = "SolutionItems", "SolutionItems", "{37706036-5A38-420F-8F6F-4B861F4ABFB5}"
	ProjectSection(SolutionItems) = preProject
		..\..\..\..\Users\aznik\Desktop\IHttpClientFactory.png = ..\..\..\..\Users\aznik\Desktop\IHttpClientFactory.png
	EndProjectSection
EndProject
Global
	GlobalSection(SolutionConfigurationPlatforms) = preSolution
		Debug|Any CPU = Debug|Any CPU
		Release|Any CPU = Release|Any CPU
	EndGlobalSection
	GlobalSection(ProjectConfigurationPlatforms) = postSolution
		{B46EC31C-1C01-43D9-9173-70063C4A3D6E}.Debug|Any CPU.ActiveCfg = Debug|Any CPU
		{B46EC31C-1C01-43D9-9173-70063C4A3D6E}.Debug|Any CPU.Build.0 = Debug|Any CPU
		{B46EC31C-1C01-43D9-9173-70063C4A3D6E}.Release|Any CPU.ActiveCfg = Release|Any CPU
		{B46EC31C-1C01-43D9-9173-70063C4A3D6E}.Release|Any CPU.Build.0 = Release|Any CPU
	EndGlobalSection
	GlobalSection(SolutionProperties) = preSolution
		HideSolutionNode = FALSE
	EndGlobalSection
	GlobalSection(ExtensibilityGlobals) = postSolution
		SolutionGuid = {2A9B583C-184B-4968-BAB6-DC4CDA67D635}
	EndGlobalSection
EndGlobal
